
Microsoft Visual Studio Solution File, Format Version 12.00
# Visual Studio Version 16
VisualStudioVersion = 16.0.30621.155
MinimumVisualStudioVersion = 10.0.40219.1
Project("{FAE04EC0-301F-11D3-BF4B-00C04F79EFBC}") = "yenim", "yenim\yenim.csproj", "{0C71572B-1424-4EEA-974B-7B2C89750A50}"
EndProject
Project("{FAE04EC0-301F-11D3-BF4B-00C04F79EFBC}") = "Test", "Test\Test.csproj", "{A9A3DADA-7DAA-40E5-8B6C-170C1335F6AC}"
EndProject
Global
	GlobalSection(SolutionConfigurationPlatforms) = preSolution
		Debug|Any CPU = Debug|Any CPU
		Release|Any CPU = Release|Any CPU
	EndGlobalSection
	GlobalSection(ProjectConfigurationPlatforms) = postSolution
		{0C71572B-1424-4EEA-974B-7B2C89750A50}.Debug|Any CPU.ActiveCfg = Debug|Any CPU
		{0C71572B-1424-4EEA-974B-7B2C89750A50}.Debug|Any CPU.Build.0 = Debug|Any CPU
		{0C71572B-1424-4EEA-974B-7B2C89750A50}.Release|Any CPU.ActiveCfg = Release|Any CPU
		{0C71572B-1424-4EEA-974B-7B2C89750A50}.Release|Any CPU.Build.0 = Release|Any CPU
		{A9A3DADA-7DAA-40E5-8B6C-170C1335F6AC}.Debug|Any CPU.ActiveCfg = Debug|Any CPU
		{A9A3DADA-7DAA-40E5-8B6C-170C1335F6AC}.Debug|Any CPU.Build.0 = Debug|Any CPU
		{A9A3DADA-7DAA-40E5-8B6C-170C1335F6AC}.Release|Any CPU.ActiveCfg = Release|Any CPU
		{A9A3DADA-7DAA-40E5-8B6C-170C1335F6AC}.Release|Any CPU.Build.0 = Release|Any CPU
	EndGlobalSection
	GlobalSection(SolutionProperties) = preSolution
		HideSolutionNode = FALSE
	EndGlobalSection
	GlobalSection(ExtensibilityGlobals) = postSolution
		SolutionGuid = {72018C14-A6E8-4E69-B98F-C277916DB9E9}
	EndGlobalSection
EndGlobal
